
Microsoft Visual Studio Solution File, Format Version 12.00
# Visual Studio Version 16
VisualStudioVersion = 16.0.31410.357
MinimumVisualStudioVersion = 10.0.40219.1
Project("{FAE04EC0-301F-11D3-BF4B-00C04F79EFBC}") = "EmployeeWageComputation", "EmployeeWageComputation\EmployeeWageComputation.csproj", "{5C495FE5-CE72-4C1E-BC18-1D34CF65AE60}"
EndProject
Global
	GlobalSection(SolutionConfigurationPlatforms) = preSolution
		Debug|Any CPU = Debug|Any CPU
		Release|Any CPU = Release|Any CPU
	EndGlobalSection
	GlobalSection(ProjectConfigurationPlatforms) = postSolution
		{5C495FE5-CE72-4C1E-BC18-1D34CF65AE60}.Debug|Any CPU.ActiveCfg = Debug|Any CPU
		{5C495FE5-CE72-4C1E-BC18-1D34CF65AE60}.Debug|Any CPU.Build.0 = Debug|Any CPU
		{5C495FE5-CE72-4C1E-BC18-1D34CF65AE60}.Release|Any CPU.ActiveCfg = Release|Any CPU
		{5C495FE5-CE72-4C1E-BC18-1D34CF65AE60}.Release|Any CPU.Build.0 = Release|Any CPU
	EndGlobalSection
	GlobalSection(SolutionProperties) = preSolution
		HideSolutionNode = FALSE
	EndGlobalSection
	GlobalSection(ExtensibilityGlobals) = postSolution
		SolutionGuid = {6DD98088-66A4-4544-A057-CD54B49FC4E4}
	EndGlobalSection
EndGlobal
